speakeasyVersion: 1.330.0
sources:
    dub:
        sourceNamespace: dub
        sourceRevisionDigest: sha256:b1f08c71a68c8963f0f62964f066afc2221b2e4759ab4f7fb5e50174569d5d95
        sourceBlobDigest: sha256:bc703401ac0ae18d7a17359c0e7442640eb0bf8fef243437894e7a8ec7cd4cf7
        tags:
            - latest
            - main
targets:
    my-first-target:
        source: dub
        sourceNamespace: dub
        sourceRevisionDigest: sha256:b1f08c71a68c8963f0f62964f066afc2221b2e4759ab4f7fb5e50174569d5d95
        sourceBlobDigest: sha256:bc703401ac0ae18d7a17359c0e7442640eb0bf8fef243437894e7a8ec7cd4cf7
        codeSamplesNamespace: code-samples-php-my-first-target
        codeSamplesRevisionDigest: sha256:439103438b6ee49b0cdb05fed6277699f1ac17a6024b25a5dd40e94295579a82
        outLocation: /github/workspace/repo
workflow:
    workflowVersion: 1.0.0
    speakeasyVersion: latest
    sources:
        dub:
            inputs:
                - location: https://api.dub.co
            registry:
                location: registry.speakeasyapi.dev/dub/dub/dub
    targets:
        my-first-target:
            target: php
            source: dub
            codeSamples:
                output: codeSamples.yaml
                registry:
                    location: registry.speakeasyapi.dev/dub/dub/code-samples-php-my-first-target
